
Microsoft Visual Studio Solution File, Format Version 12.00
# Visual Studio Version 16
VisualStudioVersion = 16.0.31424.327
MinimumVisualStudioVersion = 10.0.40219.1
Project("{FAE04EC0-301F-11D3-BF4B-00C04F79EFBC}") = "Drawing Board", "Drawing Board\Drawing Board.csproj", "{CEFFDCCB-C9C9-408B-90F8-35F3B89D1E48}"
EndProject
Global
	GlobalSection(SolutionConfigurationPlatforms) = preSolution
		Debug|Any CPU = Debug|Any CPU
		Release|Any CPU = Release|Any CPU
	EndGlobalSection
	GlobalSection(ProjectConfigurationPlatforms) = postSolution
		{CEFFDCCB-C9C9-408B-90F8-35F3B89D1E48}.Debug|Any CPU.ActiveCfg = Debug|Any CPU
		{CEFFDCCB-C9C9-408B-90F8-35F3B89D1E48}.Debug|Any CPU.Build.0 = Debug|Any CPU
		{CEFFDCCB-C9C9-408B-90F8-35F3B89D1E48}.Release|Any CPU.ActiveCfg = Release|Any CPU
		{CEFFDCCB-C9C9-408B-90F8-35F3B89D1E48}.Release|Any CPU.Build.0 = Release|Any CPU
	EndGlobalSection
	GlobalSection(SolutionProperties) = preSolution
		HideSolutionNode = FALSE
	EndGlobalSection
	GlobalSection(ExtensibilityGlobals) = postSolution
		SolutionGuid = {AE41B27C-715E-4C33-B80E-88FF7DE05CB5}
	EndGlobalSection
EndGlobal
